
Microsoft Visual Studio Solution File, Format Version 12.00
# Visual Studio Version 16
VisualStudioVersion = 16.0.30717.126
MinimumVisualStudioVersion = 10.0.40219.1
Project("{9A19103F-16F7-4668-BE54-9A1E7A4F7556}") = "ServerApp", "ServerApp\ServerApp.csproj", "{5E223098-8486-45A9-A3BF-02FCEA864981}"
EndProject
Project("{E24C65DC-7377-472B-9ABA-BC803B73C61A}") = "ClientApp", "ClientApp\", "{8498B87C-A74E-41A5-9AE4-DB5BB306C970}"
	ProjectSection(WebsiteProperties) = preProject
		TargetFrameworkMoniker = ".NETFramework,Version%3Dv4.0"
		Debug.AspNetCompiler.VirtualPath = "/localhost_34150"
		Debug.AspNetCompiler.PhysicalPath = "ClientApp\"
		Debug.AspNetCompiler.TargetPath = "PrecompiledWeb\localhost_34150\"
		Debug.AspNetCompiler.Updateable = "true"
		Debug.AspNetCompiler.ForceOverwrite = "true"
		Debug.AspNetCompiler.FixedNames = "false"
		Debug.AspNetCompiler.Debug = "True"
		Release.AspNetCompiler.VirtualPath = "/localhost_34150"
		Release.AspNetCompiler.PhysicalPath = "ClientApp\"
		Release.AspNetCompiler.TargetPath = "PrecompiledWeb\localhost_34150\"
		Release.AspNetCompiler.Updateable = "true"
		Release.AspNetCompiler.ForceOverwrite = "true"
		Release.AspNetCompiler.FixedNames = "false"
		Release.AspNetCompiler.Debug = "False"
		VWDPort = "34150"
		SlnRelativePath = "ClientApp\"
	EndProjectSection
EndProject
Global
	GlobalSection(SolutionConfigurationPlatforms) = preSolution
		Debug|Any CPU = Debug|Any CPU
		Release|Any CPU = Release|Any CPU
	EndGlobalSection
	GlobalSection(ProjectConfigurationPlatforms) = postSolution
		{5E223098-8486-45A9-A3BF-02FCEA864981}.Debug|Any CPU.ActiveCfg = Debug|Any CPU
		{5E223098-8486-45A9-A3BF-02FCEA864981}.Debug|Any CPU.Build.0 = Debug|Any CPU
		{5E223098-8486-45A9-A3BF-02FCEA864981}.Release|Any CPU.ActiveCfg = Release|Any CPU
		{5E223098-8486-45A9-A3BF-02FCEA864981}.Release|Any CPU.Build.0 = Release|Any CPU
		{8498B87C-A74E-41A5-9AE4-DB5BB306C970}.Debug|Any CPU.ActiveCfg = Debug|Any CPU
		{8498B87C-A74E-41A5-9AE4-DB5BB306C970}.Debug|Any CPU.Build.0 = Debug|Any CPU
		{8498B87C-A74E-41A5-9AE4-DB5BB306C970}.Release|Any CPU.ActiveCfg = Debug|Any CPU
		{8498B87C-A74E-41A5-9AE4-DB5BB306C970}.Release|Any CPU.Build.0 = Debug|Any CPU
	EndGlobalSection
	GlobalSection(SolutionProperties) = preSolution
		HideSolutionNode = FALSE
	EndGlobalSection
	GlobalSection(ExtensibilityGlobals) = postSolution
		SolutionGuid = {90F25C4F-8702-4C15-9AEE-116C343B9BD7}
	EndGlobalSection
EndGlobal
